
Microsoft Visual Studio Solution File, Format Version 12.00
# Visual Studio 15
VisualStudioVersion = 15.0.27703.2035
MinimumVisualStudioVersion = 10.0.40219.1
Project("{FAE04EC0-301F-11D3-BF4B-00C04F79EFBC}") = "Hemapp", "Hemapp\Hemapp.csproj", "{5031E7A6-4818-499A-B29B-FB2061A3595A}"
EndProject
Global
	GlobalSection(SolutionConfigurationPlatforms) = preSolution
		Debug|Any CPU = Debug|Any CPU
		Release|Any CPU = Release|Any CPU
	EndGlobalSection
	GlobalSection(ProjectConfigurationPlatforms) = postSolution
		{5031E7A6-4818-499A-B29B-FB2061A3595A}.Debug|Any CPU.ActiveCfg = Debug|Any CPU
		{5031E7A6-4818-499A-B29B-FB2061A3595A}.Debug|Any CPU.Build.0 = Debug|Any CPU
		{5031E7A6-4818-499A-B29B-FB2061A3595A}.Release|Any CPU.ActiveCfg = Release|Any CPU
		{5031E7A6-4818-499A-B29B-FB2061A3595A}.Release|Any CPU.Build.0 = Release|Any CPU
	EndGlobalSection
	GlobalSection(SolutionProperties) = preSolution
		HideSolutionNode = FALSE
	EndGlobalSection
	GlobalSection(ExtensibilityGlobals) = postSolution
		SolutionGuid = {6495F7F1-4CD9-4F04-802C-86300D5C4033}
	EndGlobalSection
EndGlobal
